// !$*UTF8*$!
{
	archiveVersion = 1;
	classes = {
	};
	objectVersion = 48;
	objects = {

/* Begin PBXBuildFile section */
		D3535F2721EC7550004A0939 /* UIViewController+YQProperty.m in Sources */ = {isa = PBXBuildFile; fileRef = D3535F2321EC7550004A0939 /* UIViewController+YQProperty.m */; };
		D3535F2821EC7550004A0939 /* YQScrollView.m in Sources */ = {isa = PBXBuildFile; fileRef = D3535F2521EC7550004A0939 /* YQScrollView.m */; };
		D35C8C2021E58F420002C4C5 /* AppDelegate.m in Sources */ = {isa = PBXBuildFile; fileRef = D35C8C1F21E58F420002C4C5 /* AppDelegate.m */; };
		D35C8C2621E58F420002C4C5 /* Main.storyboard in Resources */ = {isa = PBXBuildFile; fileRef = D35C8C2421E58F420002C4C5 /* Main.storyboard */; };
		D35C8C2821E58F420002C4C5 /* Assets.xcassets in Resources */ = {isa = PBXBuildFile; fileRef = D35C8C2721E58F420002C4C5 /* Assets.xcassets */; };
		D35C8C2B21E58F420002C4C5 /* LaunchScreen.storyboard in Resources */ = {isa = PBXBuildFile; fileRef = D35C8C2921E58F420002C4C5 /* LaunchScreen.storyboard */; };
		D35C8C2E21E58F420002C4C5 /* main.m in Sources */ = {isa = PBXBuildFile; fileRef = D35C8C2D21E58F420002C4C5 /* main.m */; };
		D35C8C3721E591710002C4C5 /* YQSubController.m in Sources */ = {isa = PBXBuildFile; fileRef = D35C8C3521E591710002C4C5 /* YQSubController.m */; };
		D35C8C3821E591710002C4C5 /* YQSubController.xib in Resources */ = {isa = PBXBuildFile; fileRef = D35C8C3621E591710002C4C5 /* YQSubController.xib */; };
		D35C8C6B21E72E1E0002C4C5 /* ViewController.m in Sources */ = {isa = PBXBuildFile; fileRef = D35C8C6A21E72E1E0002C4C5 /* ViewController.m */; };
		EF45F026F0D19C04CA08BB4C /* libPods-YQScrollerViewNested.a in Frameworks */ = {isa = PBXBuildFile; fileRef = 43C754A5A0AA86302E270824 /* libPods-YQScrollerViewNested.a */; };
/* End PBXBuildFile section */

/* Begin PBXFileReference section */
		2548DD1FA30FC6863EBB7AF2 /* Pods-YQScrollerViewNested.release.xcconfig */ = {isa = PBXFileReference; includeInIndex = 1; lastKnownFileType = text.xcconfig; name = "Pods-YQScrollerViewNested.release.xcconfig"; path = "Pods/Target Support Files/Pods-YQScrollerViewNested/Pods-YQScrollerViewNested.release.xcconfig"; sourceTree = "<group>"; };
		43C754A5A0AA86302E270824 /* libPods-YQScrollerViewNested.a */ = {isa = PBXFileReference; explicitFileType = archive.ar; includeInIndex = 0; path = "libPods-YQScrollerViewNested.a"; sourceTree = BUILT_PRODUCTS_DIR; };
		7B1F3B3F9F30188B1A92CE72 /* Pods-YQScrollerViewNested.debug.xcconfig */ = {isa = PBXFileReference; includeInIndex = 1; lastKnownFileType = text.xcconfig; name = "Pods-YQScrollerViewNested.debug.xcconfig"; path = "Pods/Target Support Files/Pods-YQScrollerViewNested/Pods-YQScrollerViewNested.debug.xcconfig"; sourceTree = "<group>"; };
		D3535F2121EC7550004A0939 /* Header.h */ = {isa = PBXFileReference; fileEncoding = 4; lastKnownFileType = sourcecode.c.h; path = Header.h; sourceTree = "<group>"; };
		D3535F2221EC7550004A0939 /* UIViewController+YQProperty.h */ = {isa = PBXFileReference; fileEncoding = 4; lastKnownFileType = sourcecode.c.h; path = "UIViewController+YQProperty.h"; sourceTree = "<group>"; };
		D3535F2321EC7550004A0939 /* UIViewController+YQProperty.m */ = {isa = PBXFileReference; fileEncoding = 4; lastKnownFileType = sourcecode.c.objc; path = "UIViewController+YQProperty.m"; sourceTree = "<group>"; };
		D3535F2421EC7550004A0939 /* YQScrollView.h */ = {isa = PBXFileReference; fileEncoding = 4; lastKnownFileType = sourcecode.c.h; path = YQScrollView.h; sourceTree = "<group>"; };
		D3535F2521EC7550004A0939 /* YQScrollView.m */ = {isa = PBXFileReference; fileEncoding = 4; lastKnownFileType = sourcecode.c.objc; path = YQScrollView.m; sourceTree = "<group>"; };
		D3535F2621EC7550004A0939 /* YQSubControllerDelegate.h */ = {isa = PBXFileReference; fileEncoding = 4; lastKnownFileType = sourcecode.c.h; path = YQSubControllerDelegate.h; sourceTree = "<group>"; };
		D35C8C1B21E58F420002C4C5 /* YQScrollerViewNested.app */ = {isa = PBXFileReference; explicitFileType = wrapper.application; includeInIndex = 0; path = YQScrollerViewNested.app; sourceTree = BUILT_PRODUCTS_DIR; };
		D35C8C1E21E58F420002C4C5 /* AppDelegate.h */ = {isa = PBXFileReference; lastKnownFileType = sourcecode.c.h; path = AppDelegate.h; sourceTree = "<group>"; };
		D35C8C1F21E58F420002C4C5 /* AppDelegate.m */ = {isa = PBXFileReference; lastKnownFileType = sourcecode.c.objc; path = AppDelegate.m; sourceTree = "<group>"; };
		D35C8C2521E58F420002C4C5 /* Base */ = {isa = PBXFileReference; lastKnownFileType = file.storyboard; name = Base; path = Base.lproj/Main.storyboard; sourceTree = "<group>"; };
		D35C8C2721E58F420002C4C5 /* Assets.xcassets */ = {isa = PBXFileReference; lastKnownFileType = folder.assetcatalog; path = Assets.xcassets; sourceTree = "<group>"; };
		D35C8C2A21E58F420002C4C5 /* Base */ = {isa = PBXFileReference; lastKnownFileType = file.storyboard; name = Base; path = Base.lproj/LaunchScreen.storyboard; sourceTree = "<group>"; };
		D35C8C2C21E58F420002C4C5 /* Info.plist */ = {isa = PBXFileReference; lastKnownFileType = text.plist.xml; path = Info.plist; sourceTree = "<group>"; };
		D35C8C2D21E58F420002C4C5 /* main.m */ = {isa = PBXFileReference; lastKnownFileType = sourcecode.c.objc; path = main.m; sourceTree = "<group>"; };
		D35C8C3421E591710002C4C5 /* YQSubController.h */ = {isa = PBXFileReference; lastKnownFileType = sourcecode.c.h; path = YQSubController.h; sourceTree = "<group>"; };
		D35C8C3521E591710002C4C5 /* YQSubController.m */ = {isa = PBXFileReference; lastKnownFileType = sourcecode.c.objc; path = YQSubController.m; sourceTree = "<group>"; };
		D35C8C3621E591710002C4C5 /* YQSubController.xib */ = {isa = PBXFileReference; lastKnownFileType = file.xib; path = YQSubController.xib; sourceTree = "<group>"; };
		D35C8C6921E72E1E0002C4C5 /* ViewController.h */ = {isa = PBXFileReference; lastKnownFileType = sourcecode.c.h; path = ViewController.h; sourceTree = "<group>"; };
		D35C8C6A21E72E1E0002C4C5 /* ViewController.m */ = {isa = PBXFileReference; lastKnownFileType = sourcecode.c.objc; path = ViewController.m; sourceTree = "<group>"; };
/* End PBXFileReference section */

/* Begin PBXFrameworksBuildPhase section */
		D35C8C1821E58F420002C4C5 /* Frameworks */ = {
			isa = PBXFrameworksBuildPhase;
			buildActionMask = 2147483647;
			files = (
				EF45F026F0D19C04CA08BB4C /* libPods-YQScrollerViewNested.a in Frameworks */,
			);
			runOnlyForDeploymentPostprocessing = 0;
		};
/* End PBXFrameworksBuildPhase section */

/* Begin PBXGroup section */
		0F320EFB23D0A1485916DA68 /* Pods */ = {
			isa = PBXGroup;
			children = (
				7B1F3B3F9F30188B1A92CE72 /* Pods-YQScrollerViewNested.debug.xcconfig */,
				2548DD1FA30FC6863EBB7AF2 /* Pods-YQScrollerViewNested.release.xcconfig */,
			);
			name = Pods;
			sourceTree = "<group>";
		};
		A78E52FE26479F5E01DAC570 /* Frameworks */ = {
			isa = PBXGroup;
			children = (
				43C754A5A0AA86302E270824 /* libPods-YQScrollerViewNested.a */,
			);
			name = Frameworks;
			sourceTree = "<group>";
		};
		D3535F2021EC7550004A0939 /* YQScrollView */ = {
			isa = PBXGroup;
			children = (
				D3535F2121EC7550004A0939 /* Header.h */,
				D3535F2221EC7550004A0939 /* UIViewController+YQProperty.h */,
				D3535F2321EC7550004A0939 /* UIViewController+YQProperty.m */,
				D3535F2421EC7550004A0939 /* YQScrollView.h */,
				D3535F2521EC7550004A0939 /* YQScrollView.m */,
				D3535F2621EC7550004A0939 /* YQSubControllerDelegate.h */,
			);
			path = YQScrollView;
			sourceTree = "<group>";
		};
		D35C8C1221E58F420002C4C5 = {
			isa = PBXGroup;
			children = (
				D3535F2021EC7550004A0939 /* YQScrollView */,
				D35C8C1D21E58F420002C4C5 /* YQScrollerViewNested */,
				D35C8C1C21E58F420002C4C5 /* Products */,
				0F320EFB23D0A1485916DA68 /* Pods */,
				A78E52FE26479F5E01DAC570 /* Frameworks */,
			);
			sourceTree = "<group>";
		};
		D35C8C1C21E58F420002C4C5 /* Products */ = {
			isa = PBXGroup;
			children = (
				D35C8C1B21E58F420002C4C5 /* YQScrollerViewNested.app */,
			);
			name = Products;
			sourceTree = "<group>";
		};
		D35C8C1D21E58F420002C4C5 /* YQScrollerViewNested */ = {
			isa = PBXGroup;
			children = (
				D35C8C1E21E58F420002C4C5 /* AppDelegate.h */,
				D35C8C1F21E58F420002C4C5 /* AppDelegate.m */,
				D35C8C6921E72E1E0002C4C5 /* ViewController.h */,
				D35C8C6A21E72E1E0002C4C5 /* ViewController.m */,
				D35C8C3421E591710002C4C5 /* YQSubController.h */,
				D35C8C3521E591710002C4C5 /* YQSubController.m */,
				D35C8C3621E591710002C4C5 /* YQSubController.xib */,
				D35C8C2421E58F420002C4C5 /* Main.storyboard */,
				D35C8C2721E58F420002C4C5 /* Assets.xcassets */,
				D35C8C2921E58F420002C4C5 /* LaunchScreen.storyboard */,
				D35C8C2C21E58F420002C4C5 /* Info.plist */,
				D35C8C2D21E58F420002C4C5 /* main.m */,
			);
			path = YQScrollerViewNested;
			sourceTree = "<group>";
		};
/* End PBXGroup section */

/* Begin PBXNativeTarget section */
		D35C8C1A21E58F420002C4C5 /* YQScrollerViewNested */ = {
			isa = PBXNativeTarget;
			buildConfigurationList = D35C8C3121E58F420002C4C5 /* Build configuration list for PBXNativeTarget "YQScrollerViewNested" */;
			buildPhases = (
				0A2468922D4800D1C82281CA /* [CP] Check Pods Manifest.lock */,
				D35C8C1721E58F420002C4C5 /* Sources */,
				D35C8C1821E58F420002C4C5 /* Frameworks */,
				D35C8C1921E58F420002C4C5 /* Resources */,
				635F72DEC4AC3034E132801A /* [CP] Embed Pods Frameworks */,
				EE4BBA69CEEE0EE41B269048 /* [CP] Copy Pods Resources */,
			);
			buildRules = (
			);
			dependencies = (
			);
			name = YQScrollerViewNested;
			productName = YQScrollerViewNested;
			productReference = D35C8C1B21E58F420002C4C5 /* YQScrollerViewNested.app */;
			productType = "com.apple.product-type.application";
		};
/* End PBXNativeTarget section */

/* Begin PBXProject section */
		D35C8C1321E58F420002C4C5 /* Project object */ = {
			isa = PBXProject;
			attributes = {
				LastUpgradeCheck = 0920;
				ORGANIZATIONNAME = gyq.com;
				TargetAttributes = {
					D35C8C1A21E58F420002C4C5 = {
						CreatedOnToolsVersion = 9.2;
						ProvisioningStyle = Automatic;
					};
				};
			};
			buildConfigurationList = D35C8C1621E58F420002C4C5 /* Build configuration list for PBXProject "YQScrollerViewNested" */;
			compatibilityVersion = "Xcode 8.0";
			developmentRegion = en;
			hasScannedForEncodings = 0;
			knownRegions = (
				en,
				Base,
			);
			mainGroup = D35C8C1221E58F420002C4C5;
			productRefGroup = D35C8C1C21E58F420002C4C5 /* Products */;
			projectDirPath = "";
			projectRoot = "";
			targets = (
				D35C8C1A21E58F420002C4C5 /* YQScrollerViewNested */,
			);
		};
/* End PBXProject section */

/* Begin PBXResourcesBuildPhase section */
		D35C8C1921E58F420002C4C5 /* Resources */ = {
			isa = PBXResourcesBuildPhase;
			buildActionMask = 2147483647;
			files = (
				D35C8C3821E591710002C4C5 /* YQSubController.xib in Resources */,
				D35C8C2B21E58F420002C4C5 /* LaunchScreen.storyboard in Resources */,
				D35C8C2821E58F420002C4C5 /* Assets.xcassets in Resources */,
				D35C8C2621E58F420002C4C5 /* Main.storyboard in Resources */,
			);
			runOnlyForDeploymentPostprocessing = 0;
		};
/* End PBXResourcesBuildPhase section */

/* Begin PBXShellScriptBuildPhase section */
		0A2468922D4800D1C82281CA /* [CP] Check Pods Manifest.lock */ = {
			isa = PBXShellScriptBuildPhase;
			buildActionMask = 2147483647;
			files = (
			);
			inputPaths = (
				"${PODS_PODFILE_DIR_PATH}/Podfile.lock",
				"${PODS_ROOT}/Manifest.lock",
			);
			name = "[CP] Check Pods Manifest.lock";
			outputPaths = (
				"$(DERIVED_FILE_DIR)/Pods-YQScrollerViewNested-checkManifestLockResult.txt",
			);
			runOnlyForDeploymentPostprocessing = 0;
			shellPath = /bin/sh;
			shellScript = "diff \"${PODS_PODFILE_DIR_PATH}/Podfile.lock\" \"${PODS_ROOT}/Manifest.lock\" > /dev/null\nif [ $? != 0 ] ; then\n    # print error to STDERR\n    echo \"error: The sandbox is not in sync with the Podfile.lock. Run 'pod install' or update your CocoaPods installation.\" >&2\n    exit 1\nfi\n# This output is used by Xcode 'outputs' to avoid re-running this script phase.\necho \"SUCCESS\" > \"${SCRIPT_OUTPUT_FILE_0}\"\n";
			showEnvVarsInLog = 0;
		};
		635F72DEC4AC3034E132801A /* [CP] Embed Pods Frameworks */ = {
			isa = PBXShellScriptBuildPhase;
			buildActionMask = 2147483647;
			files = (
			);
			inputPaths = (
			);
			name = "[CP] Embed Pods Frameworks";
			outputPaths = (
			);
			runOnlyForDeploymentPostprocessing = 0;
			shellPath = /bin/sh;
			shellScript = "\"${SRCROOT}/Pods/Target Support Files/Pods-YQScrollerViewNested/Pods-YQScrollerViewNested-frameworks.sh\"\n";
			showEnvVarsInLog = 0;
		};
		EE4BBA69CEEE0EE41B269048 /* [CP] Copy Pods Resources */ = {
			isa = PBXShellScriptBuildPhase;
			buildActionMask = 2147483647;
			files = (
			);
			inputPaths = (
			);
			name = "[CP] Copy Pods Resources";
			outputPaths = (
			);
			runOnlyForDeploymentPostprocessing = 0;
			shellPath = /bin/sh;
			shellScript = "\"${SRCROOT}/Pods/Target Support Files/Pods-YQScrollerViewNested/Pods-YQScrollerViewNested-resources.sh\"\n";
			showEnvVarsInLog = 0;
		};
/* End PBXShellScriptBuildPhase section */

/* Begin PBXSourcesBuildPhase section */
		D35C8C1721E58F420002C4C5 /* Sources */ = {
			isa = PBXSourcesBuildPhase;
			buildActionMask = 2147483647;
			files = (
				D3535F2721EC7550004A0939 /* UIViewController+YQProperty.m in Sources */,
				D35C8C6B21E72E1E0002C4C5 /* ViewController.m in Sources */,
				D35C8C3721E591710002C4C5 /* YQSubController.m in Sources */,
				D3535F2821EC7550004A0939 /* YQScrollView.m in Sources */,
				D35C8C2E21E58F420002C4C5 /* main.m in Sources */,
				D35C8C2021E58F420002C4C5 /* AppDelegate.m in Sources */,
			);
			runOnlyForDeploymentPostprocessing = 0;
		};
/* End PBXSourcesBuildPhase section */

/* Begin PBXVariantGroup section */
		D35C8C2421E58F420002C4C5 /* Main.storyboard */ = {
			isa = PBXVariantGroup;
			children = (
				D35C8C2521E58F420002C4C5 /* Base */,
			);
			name = Main.storyboard;
			sourceTree = "<group>";
		};
		D35C8C2921E58F420002C4C5 /* LaunchScreen.storyboard */ = {
			isa = PBXVariantGroup;
			children = (
				D35C8C2A21E58F420002C4C5 /* Base */,
			);
			name = LaunchScreen.storyboard;
			sourceTree = "<group>";
		};
/* End PBXVariantGroup section */

/* Begin XCBuildConfiguration section */
		D35C8C2F21E58F420002C4C5 /* Debug */ = {
			isa = XCBuildConfiguration;
			buildSettings = {
				ALWAYS_SEARCH_USER_PATHS = NO;
				CLANG_ANALYZER_NONNULL = YES;
				CLANG_ANALYZER_NUMBER_OBJECT_CONVERSION = YES_AGGRESSIVE;
				CLANG_CXX_LANGUAGE_STANDARD = "gnu++14";
				CLANG_CXX_LIBRARY = "libc++";
				CLANG_ENABLE_MODULES = YES;
				CLANG_ENABLE_OBJC_ARC = YES;
				CLANG_WARN_BLOCK_CAPTURE_AUTORELEASING = YES;
				CLANG_WARN_BOOL_CONVERSION = YES;
				CLANG_WARN_COMMA = YES;
				CLANG_WARN_CONSTANT_CONVERSION = YES;
				CLANG_WARN_DIRECT_OBJC_ISA_USAGE = YES_ERROR;
				CLANG_WARN_DOCUMENTATION_COMMENTS = YES;
				CLANG_WARN_EMPTY_BODY = YES;
				CLANG_WARN_ENUM_CONVERSION = YES;
				CLANG_WARN_INFINITE_RECURSION = YES;
				CLANG_WARN_INT_CONVERSION = YES;
				CLANG_WARN_NON_LITERAL_NULL_CONVERSION = YES;
				CLANG_WARN_OBJC_LITERAL_CONVERSION = YES;
				CLANG_WARN_OBJC_ROOT_CLASS = YES_ERROR;
				CLANG_WARN_RANGE_LOOP_ANALYSIS = YES;
				CLANG_WARN_STRICT_PROTOTYPES = YES;
				CLANG_WARN_SUSPICIOUS_MOVE = YES;
				CLANG_WARN_UNGUARDED_AVAILABILITY = YES_AGGRESSIVE;
				CLANG_WARN_UNREACHABLE_CODE = YES;
				CLANG_WARN__DUPLICATE_METHOD_MATCH = YES;
				CODE_SIGN_IDENTITY = "iPhone Developer";
				COPY_PHASE_STRIP = NO;
				DEBUG_INFORMATION_FORMAT = dwarf;
				ENABLE_STRICT_OBJC_MSGSEND = YES;
				ENABLE_TESTABILITY = YES;
				GCC_C_LANGUAGE_STANDARD = gnu11;
				GCC_DYNAMIC_NO_PIC = NO;
				GCC_NO_COMMON_BLOCKS = YES;
				GCC_OPTIMIZATION_LEVEL = 0;
				GCC_PREPROCESSOR_DEFINITIONS = (
					"DEBUG=1",
					"$(inherited)",
				);
				GCC_WARN_64_TO_32_BIT_CONVERSION = YES;
				GCC_WARN_ABOUT_RETURN_TYPE = YES_ERROR;
				GCC_WARN_UNDECLARED_SELECTOR = YES;
				GCC_WARN_UNINITIALIZED_AUTOS = YES_AGGRESSIVE;
				GCC_WARN_UNUSED_FUNCTION = YES;
				GCC_WARN_UNUSED_VARIABLE = YES;
				IPHONEOS_DEPLOYMENT_TARGET = 11.2;
				MTL_ENABLE_DEBUG_INFO = YES;
				ONLY_ACTIVE_ARCH = YES;
				SDKROOT = iphoneos;
			};
			name = Debug;
		};
		D35C8C3021E58F420002C4C5 /* Release */ = {
			isa = XCBuildConfiguration;
			buildSettings = {
				ALWAYS_SEARCH_USER_PATHS = NO;
				CLANG_ANALYZER_NONNULL = YES;
				CLANG_ANALYZER_NUMBER_OBJECT_CONVERSION = YES_AGGRESSIVE;
				CLANG_CXX_LANGUAGE_STANDARD = "gnu++14";
				CLANG_CXX_LIBRARY = "libc++";
				CLANG_ENABLE_MODULES = YES;
				CLANG_ENABLE_OBJC_ARC = YES;
				CLANG_WARN_BLOCK_CAPTURE_AUTORELEASING = YES;
				CLANG_WARN_BOOL_CONVERSION = YES;
				CLANG_WARN_COMMA = YES;
				CLANG_WARN_CONSTANT_CONVERSION = YES;
				CLANG_WARN_DIRECT_OBJC_ISA_USAGE = YES_ERROR;
				CLANG_WARN_DOCUMENTATION_COMMENTS = YES;
				CLANG_WARN_EMPTY_BODY = YES;
				CLANG_WARN_ENUM_CONVERSION = YES;
				CLANG_WARN_INFINITE_RECURSION = YES;
				CLANG_WARN_INT_CONVERSION = YES;
				CLANG_WARN_NON_LITERAL_NULL_CONVERSION = YES;
				CLANG_WARN_OBJC_LITERAL_CONVERSION = YES;
				CLANG_WARN_OBJC_ROOT_CLASS = YES_ERROR;
				CLANG_WARN_RANGE_LOOP_ANALYSIS = YES;
				CLANG_WARN_STRICT_PROTOTYPES = YES;
				CLANG_WARN_SUSPICIOUS_MOVE = YES;
				CLANG_WARN_UNGUARDED_AVAILABILITY = YES_AGGRESSIVE;
				CLANG_WARN_UNREACHABLE_CODE = YES;
				CLANG_WARN__DUPLICATE_METHOD_MATCH = YES;
				CODE_SIGN_IDENTITY = "iPhone Developer";
				COPY_PHASE_STRIP = NO;
				DEBUG_INFORMATION_FORMAT = "dwarf-with-dsym";
				ENABLE_NS_ASSERTIONS = NO;
				ENABLE_STRICT_OBJC_MSGSEND = YES;
				GCC_C_LANGUAGE_STANDARD = gnu11;
				GCC_NO_COMMON_BLOCKS = YES;
				GCC_WARN_64_TO_32_BIT_CONVERSION = YES;
				GCC_WARN_ABOUT_RETURN_TYPE = YES_ERROR;
				GCC_WARN_UNDECLARED_SELECTOR = YES;
				GCC_WARN_UNINITIALIZED_AUTOS = YES_AGGRESSIVE;
				GCC_WARN_UNUSED_FUNCTION = YES;
				GCC_WARN_UNUSED_VARIABLE = YES;
				IPHONEOS_DEPLOYMENT_TARGET = 11.2;
				MTL_ENABLE_DEBUG_INFO = NO;
				SDKROOT = iphoneos;
				VALIDATE_PRODUCT = YES;
			};
			name = Release;
		};
		D35C8C3221E58F420002C4C5 /* Debug */ = {
			isa = XCBuildConfiguration;
			baseConfigurationReference = 7B1F3B3F9F30188B1A92CE72 /* Pods-YQScrollerViewNested.debug.xcconfig */;
			buildSettings = {
				ASSETCATALOG_COMPILER_APPICON_NAME = AppIcon;
				CODE_SIGN_STYLE = Automatic;
				DEVELOPMENT_TEAM = 9W2XJGDALF;
				GCC_PREFIX_HEADER = $SRCROOT/YQScrollView/Header.h;
				INFOPLIST_FILE = YQScrollerViewNested/Info.plist;
				IPHONEOS_DEPLOYMENT_TARGET = 9.0;
				LD_RUNPATH_SEARCH_PATHS = "$(inherited) @executable_path/Frameworks";
				PRODUCT_BUNDLE_IDENTIFIER = com.YQScrollerViewNested;
				PRODUCT_NAME = "$(TARGET_NAME)";
				TARGETED_DEVICE_FAMILY = "1,2";
			};
			name = Debug;
		};
		D35C8C3321E58F420002C4C5 /* Release */ = {
			isa = XCBuildConfiguration;
			baseConfigurationReference = 2548DD1FA30FC6863EBB7AF2 /* Pods-YQScrollerViewNested.release.xcconfig */;
			buildSettings = {
				ASSETCATALOG_COMPILER_APPICON_NAME = AppIcon;
				CODE_SIGN_STYLE = Automatic;
				DEVELOPMENT_TEAM = 9W2XJGDALF;
				GCC_PREFIX_HEADER = $SRCROOT/YQScrollView/Header.h;
				INFOPLIST_FILE = YQScrollerViewNested/Info.plist;
				IPHONEOS_DEPLOYMENT_TARGET = 9.0;
				LD_RUNPATH_SEARCH_PATHS = "$(inherited) @executable_path/Frameworks";
				PRODUCT_BUNDLE_IDENTIFIER = com.YQScrollerViewNested;
				PRODUCT_NAME = "$(TARGET_NAME)";
				TARGETED_DEVICE_FAMILY = "1,2";
			};
			name = Release;
		};
/* End XCBuildConfiguration section */

/* Begin XCConfigurationList section */
		D35C8C1621E58F420002C4C5 /* Build configuration list for PBXProject "YQScrollerViewNested" */ = {
			isa = XCConfigurationList;
			buildConfigurations = (
				D35C8C2F21E58F420002C4C5 /* Debug */,
				D35C8C3021E58F420002C4C5 /* Release */,
			);
			defaultConfigurationIsVisible = 0;
			defaultConfigurationName = Release;
		};
		D35C8C3121E58F420002C4C5 /* Build configuration list for PBXNativeTarget "YQScrollerViewNested" */ = {
			isa = XCConfigurationList;
			buildConfigurations = (
				D35C8C3221E58F420002C4C5 /* Debug */,
				D35C8C3321E58F420002C4C5 /* Release */,
			);
			defaultConfigurationIsVisible = 0;
			defaultConfigurationName = Release;
		};
/* End XCConfigurationList section */
	};
	rootObject = D35C8C1321E58F420002C4C5 /* Project object */;
}
